# THIS IS AN AUTOGENERATED FILE. DO NOT EDIT THIS FILE DIRECTLY.
# yarn lockfile v1


"@babel/runtime@^7.13.10":
  version "7.18.9"
  resolved "https://registry.yarnpkg.com/@babel/runtime/-/runtime-7.18.9.tgz#b4fcfce55db3d2e5e080d2490f608a3b9f407f4a"
  integrity sha512-lkqXDcvlFT5rvEjiu6+QYO+1GXrEHRo2LOtS7E4GtX5ESIZOgepqsZBVIj6Pv+a6zqsya9VCgiK1KAK4BvJDAw==
  dependencies:
    regenerator-runtime "^0.13.4"

"@radix-ui/primitive@1.0.0":
  version "1.0.0"
  resolved "https://registry.yarnpkg.com/@radix-ui/primitive/-/primitive-1.0.0.tgz#e1d8ef30b10ea10e69c76e896f608d9276352253"
  integrity sha512-3e7rn8FDMin4CgeL7Z/49smCA3rFYY3Ha2rUQ7HRWFadS5iCRw08ZgVT1LaNTCNqgvrUiyczLflrVrF0SRQtNA==
  dependencies:
    "@babel/runtime" "^7.13.10"

"@radix-ui/react-alert-dialog@^1.0.0":
  version "1.0.0"
  resolved "https://registry.yarnpkg.com/@radix-ui/react-alert-dialog/-/react-alert-dialog-1.0.0.tgz#7fe3648f443382fc1765bed9c69b04113df7b031"
  integrity sha512-E2N5klf4Mi1QjTIPqSfAPXFPeZG5ZnnBZJ80lcTzJ0fSp8dqLG6bcxrkCrSU4Gm+HVZxxuCPkUHBfntd9aZUcw==
  dependencies:
    "@babel/runtime" "^7.13.10"
    "@radix-ui/primitive" "1.0.0"
    "@radix-ui/react-compose-refs" "1.0.0"
    "@radix-ui/react-context" "1.0.0"
    "@radix-ui/react-dialog" "1.0.0"
    "@radix-ui/react-primitive" "1.0.0"
    "@radix-ui/react-slot" "1.0.0"

"@radix-ui/react-compose-refs@1.0.0":
  version "1.0.0"
  resolved "https://registry.yarnpkg.com/@radix-ui/react-compose-refs/-/react-compose-refs-1.0.0.tgz#37595b1f16ec7f228d698590e78eeed18ff218ae"
  integrity sha512-0KaSv6sx787/hK3eF53iOkiSLwAGlFMx5lotrqD2pTjB18KbybKoEIgkNZTKC60YECDQTKGTRcDBILwZVqVKvA==
  dependencies:
    "@babel/runtime" "^7.13.10"

"@radix-ui/react-context@1.0.0":
  version "1.0.0"
  resolved "https://registry.yarnpkg.com/@radix-ui/react-context/-/react-context-1.0.0.tgz#f38e30c5859a9fb5e9aa9a9da452ee3ed9e0aee0"
  integrity sha512-1pVM9RfOQ+n/N5PJK33kRSKsr1glNxomxONs5c49MliinBY6Yw2Q995qfBUUo0/Mbg05B/sGA0gkgPI7kmSHBg==
  dependencies:
    "@babel/runtime" "^7.13.10"

"@radix-ui/react-dialog@1.0.0":
  version "1.0.0"
  resolved "https://registry.yarnpkg.com/@radix-ui/react-dialog/-/react-dialog-1.0.0.tgz#997e97cb183bc90bd888b26b8e23a355ac9fe5f0"
  integrity sha512-Yn9YU+QlHYLWwV1XfKiqnGVpWYWk6MeBVM6x/bcoyPvxgjQGoeT35482viLPctTMWoMw0PoHgqfSox7Ig+957Q==
  dependencies:
    "@babel/runtime" "^7.13.10"
    "@radix-ui/primitive" "1.0.0"
    "@radix-ui/react-compose-refs" "1.0.0"
    "@radix-ui/react-context" "1.0.0"
    "@radix-ui/react-dismissable-layer" "1.0.0"
    "@radix-ui/react-focus-guards" "1.0.0"
    "@radix-ui/react-focus-scope" "1.0.0"
    "@radix-ui/react-id" "1.0.0"
    "@radix-ui/react-portal" "1.0.0"
    "@radix-ui/react-presence" "1.0.0"
    "@radix-ui/react-primitive" "1.0.0"
    "@radix-ui/react-slot" "1.0.0"
    "@radix-ui/react-use-controllable-state" "1.0.0"
    aria-hidden "^1.1.1"
    react-remove-scroll "2.5.4"

"@radix-ui/react-dismissable-layer@1.0.0":
  version "1.0.0"
  resolved "https://registry.yarnpkg.com/@radix-ui/react-dismissable-layer/-/react-dismissable-layer-1.0.0.tgz#35b7826fa262fd84370faef310e627161dffa76b"
  integrity sha512-n7kDRfx+LB1zLueRDvZ1Pd0bxdJWDUZNQ/GWoxDn2prnuJKRdxsjulejX/ePkOsLi2tTm6P24mDqlMSgQpsT6g==
  dependencies:
    "@babel/runtime" "^7.13.10"
    "@radix-ui/primitive" "1.0.0"
    "@radix-ui/react-compose-refs" "1.0.0"
    "@radix-ui/react-primitive" "1.0.0"
    "@radix-ui/react-use-callback-ref" "1.0.0"
    "@radix-ui/react-use-escape-keydown" "1.0.0"

"@radix-ui/react-focus-guards@1.0.0":
  version "1.0.0"
  resolved "https://registry.yarnpkg.com/@radix-ui/react-focus-guards/-/react-focus-guards-1.0.0.tgz#339c1c69c41628c1a5e655f15f7020bf11aa01fa"
  integrity sha512-UagjDk4ijOAnGu4WMUPj9ahi7/zJJqNZ9ZAiGPp7waUWJO0O1aWXi/udPphI0IUjvrhBsZJGSN66dR2dsueLWQ==
  dependencies:
    "@babel/runtime" "^7.13.10"

"@radix-ui/react-focus-scope@1.0.0":
  version "1.0.0"
  resolved "https://registry.yarnpkg.com/@radix-ui/react-focus-scope/-/react-focus-scope-1.0.0.tgz#95a0c1188276dc8933b1eac5f1cdb6471e01ade5"
  integrity sha512-C4SWtsULLGf/2L4oGeIHlvWQx7Rf+7cX/vKOAD2dXW0A1b5QXwi3wWeaEgW+wn+SEVrraMUk05vLU9fZZz5HbQ==
  dependencies:
    "@babel/runtime" "^7.13.10"
    "@radix-ui/react-compose-refs" "1.0.0"
    "@radix-ui/react-primitive" "1.0.0"
    "@radix-ui/react-use-callback-ref" "1.0.0"

"@radix-ui/react-id@1.0.0":
  version "1.0.0"
  resolved "https://registry.yarnpkg.com/@radix-ui/react-id/-/react-id-1.0.0.tgz#8d43224910741870a45a8c9d092f25887bb6d11e"
  integrity sha512-Q6iAB/U7Tq3NTolBBQbHTgclPmGWE3OlktGGqrClPozSw4vkQ1DfQAOtzgRPecKsMdJINE05iaoDUG8tRzCBjw==
  dependencies:
    "@babel/runtime" "^7.13.10"
    "@radix-ui/react-use-layout-effect" "1.0.0"

"@radix-ui/react-portal@1.0.0":
  version "1.0.0"
  resolved "https://registry.yarnpkg.com/@radix-ui/react-portal/-/react-portal-1.0.0.tgz#7220b66743394fabb50c55cb32381395cc4a276b"
  integrity sha512-a8qyFO/Xb99d8wQdu4o7qnigNjTPG123uADNecz0eX4usnQEj7o+cG4ZX4zkqq98NYekT7UoEQIjxBNWIFuqTA==
  dependencies:
    "@babel/runtime" "^7.13.10"
    "@radix-ui/react-primitive" "1.0.0"

"@radix-ui/react-presence@1.0.0":
  version "1.0.0"
  resolved "https://registry.yarnpkg.com/@radix-ui/react-presence/-/react-presence-1.0.0.tgz#814fe46df11f9a468808a6010e3f3ca7e0b2e84a"
  integrity sha512-A+6XEvN01NfVWiKu38ybawfHsBjWum42MRPnEuqPsBZ4eV7e/7K321B5VgYMPv3Xx5An6o1/l9ZuDBgmcmWK3w==
  dependencies:
    "@babel/runtime" "^7.13.10"
    "@radix-ui/react-compose-refs" "1.0.0"
    "@radix-ui/react-use-layout-effect" "1.0.0"

"@radix-ui/react-primitive@1.0.0":
  version "1.0.0"
  resolved "https://registry.yarnpkg.com/@radix-ui/react-primitive/-/react-primitive-1.0.0.tgz#376cd72b0fcd5e0e04d252ed33eb1b1f025af2b0"
  integrity sha512-EyXe6mnRlHZ8b6f4ilTDrXmkLShICIuOTTj0GX4w1rp+wSxf3+TD05u1UOITC8VsJ2a9nwHvdXtOXEOl0Cw/zQ==
  dependencies:
    "@babel/runtime" "^7.13.10"
    "@radix-ui/react-slot" "1.0.0"

"@radix-ui/react-slot@1.0.0":
  version "1.0.0"
  resolved "https://registry.yarnpkg.com/@radix-ui/react-slot/-/react-slot-1.0.0.tgz#7fa805b99891dea1e862d8f8fbe07f4d6d0fd698"
  integrity sha512-3mrKauI/tWXo1Ll+gN5dHcxDPdm/Df1ufcDLCecn+pnCIVcdWE7CujXo8QaXOWRJyZyQWWbpB8eFwHzWXlv5mQ==
  dependencies:
    "@babel/runtime" "^7.13.10"
    "@radix-ui/react-compose-refs" "1.0.0"

"@radix-ui/react-use-callback-ref@1.0.0":
  version "1.0.0"
  resolved "https://registry.yarnpkg.com/@radix-ui/react-use-callback-ref/-/react-use-callback-ref-1.0.0.tgz#9e7b8b6b4946fe3cbe8f748c82a2cce54e7b6a90"
  integrity sha512-GZtyzoHz95Rhs6S63D2t/eqvdFCm7I+yHMLVQheKM7nBD8mbZIt+ct1jz4536MDnaOGKIxynJ8eHTkVGVVkoTg==
  dependencies:
    "@babel/runtime" "^7.13.10"

"@radix-ui/react-use-controllable-state@1.0.0":
  version "1.0.0"
  resolved "https://registry.yarnpkg.com/@radix-ui/react-use-controllable-state/-/react-use-controllable-state-1.0.0.tgz#a64deaafbbc52d5d407afaa22d493d687c538b7f"
  integrity sha512-FohDoZvk3mEXh9AWAVyRTYR4Sq7/gavuofglmiXB2g1aKyboUD4YtgWxKj8O5n+Uak52gXQ4wKz5IFST4vtJHg==
  dependencies:
    "@babel/runtime" "^7.13.10"
    "@radix-ui/react-use-callback-ref" "1.0.0"

"@radix-ui/react-use-escape-keydown@1.0.0":
  version "1.0.0"
  resolved "https://registry.yarnpkg.com/@radix-ui/react-use-escape-keydown/-/react-use-escape-keydown-1.0.0.tgz#aef375db4736b9de38a5a679f6f49b45a060e5d1"
  integrity sha512-JwfBCUIfhXRxKExgIqGa4CQsiMemo1Xt0W/B4ei3fpzpvPENKpMKQ8mZSB6Acj3ebrAEgi2xiQvcI1PAAodvyg==
  dependencies:
    "@babel/runtime" "^7.13.10"
    "@radix-ui/react-use-callback-ref" "1.0.0"

"@radix-ui/react-use-layout-effect@1.0.0":
  version "1.0.0"
  resolved "https://registry.yarnpkg.com/@radix-ui/react-use-layout-effect/-/react-use-layout-effect-1.0.0.tgz#2fc19e97223a81de64cd3ba1dc42ceffd82374dc"
  integrity sha512-6Tpkq+R6LOlmQb1R5NNETLG0B4YP0wc+klfXafpUCj6JGyaUc8il7/kUZ7m59rGbXGczE9Bs+iz2qloqsZBduQ==
  dependencies:
    "@babel/runtime" "^7.13.10"

aria-hidden@^1.1.1:
  version "1.1.3"
  resolved "https://registry.yarnpkg.com/aria-hidden/-/aria-hidden-1.1.3.tgz#bb48de18dc84787a3c6eee113709c473c64ec254"
  integrity sha512-RhVWFtKH5BiGMycI72q2RAFMLQi8JP9bLuQXgR5a8Znp7P5KOIADSJeyfI8PCVxLEp067B2HbP5JIiI/PXIZeA==
  dependencies:
    tslib "^1.0.0"

detect-node-es@^1.1.0:
  version "1.1.0"
  resolved "https://registry.yarnpkg.com/detect-node-es/-/detect-node-es-1.1.0.tgz#163acdf643330caa0b4cd7c21e7ee7755d6fa493"
  integrity sha512-ypdmJU/TbBby2Dxibuv7ZLW3Bs1QEmM7nHjEANfohJLvE0XVujisn1qPJcZxg+qDucsr+bP6fLD1rPS3AhJ7EQ==

get-nonce@^1.0.0:
  version "1.0.1"
  resolved "https://registry.yarnpkg.com/get-nonce/-/get-nonce-1.0.1.tgz#fdf3f0278073820d2ce9426c18f07481b1e0cdf3"
  integrity sha512-FJhYRoDaiatfEkUK8HKlicmu/3SGFD51q3itKDGoSTysQJBnfOcxU5GxnhE1E6soB76MbT0MBtnKJuXyAx+96Q==

invariant@^2.2.4:
  version "2.2.4"
  resolved "https://registry.yarnpkg.com/invariant/-/invariant-2.2.4.tgz#610f3c92c9359ce1db616e538008d23ff35158e6"
  integrity sha512-phJfQVBuaJM5raOpJjSfkiD6BpbCE4Ns//LaXl6wGYtUBY83nWS6Rf9tXm2e8VaK60JEjYldbPif/A2B1C2gNA==
  dependencies:
    loose-envify "^1.0.0"

"js-tokens@^3.0.0 || ^4.0.0":
  version "4.0.0"
  resolved "https://registry.yarnpkg.com/js-tokens/-/js-tokens-4.0.0.tgz#19203fb59991df98e3a287050d4647cdeaf32499"
  integrity sha512-RdJUflcE3cUzKiMqQgsCu06FPu9UdIJO0beYbPhHN4k6apgJtifcoCtT9bcxOpYBtpD2kCM6Sbzg4CausW/PKQ==

loose-envify@^1.0.0:
  version "1.4.0"
  resolved "https://registry.yarnpkg.com/loose-envify/-/loose-envify-1.4.0.tgz#71ee51fa7be4caec1a63839f7e682d8132d30caf"
  integrity sha512-lyuxPGr/Wfhrlem2CL/UcnUc1zcqKAImBDzukY7Y5F/yQiNdko6+fRLevlw1HgMySw7f611UIY408EtxRSoK3Q==
  dependencies:
    js-tokens "^3.0.0 || ^4.0.0"

react-remove-scroll-bar@^2.3.3:
  version "2.3.3"
  resolved "https://registry.yarnpkg.com/react-remove-scroll-bar/-/react-remove-scroll-bar-2.3.3.tgz#e291f71b1bb30f5f67f023765b7435f4b2b2cd94"
  integrity sha512-i9GMNWwpz8XpUpQ6QlevUtFjHGqnPG4Hxs+wlIJntu/xcsZVEpJcIV71K3ZkqNy2q3GfgvkD7y6t/Sv8ofYSbw==
  dependencies:
    react-style-singleton "^2.2.1"
    tslib "^2.0.0"

react-remove-scroll@2.5.4:
  version "2.5.4"
  resolved "https://registry.yarnpkg.com/react-remove-scroll/-/react-remove-scroll-2.5.4.tgz#afe6491acabde26f628f844b67647645488d2ea0"
  integrity sha512-xGVKJJr0SJGQVirVFAUZ2k1QLyO6m+2fy0l8Qawbp5Jgrv3DeLalrfMNBFSlmz5kriGGzsVBtGVnf4pTKIhhWA==
  dependencies:
    react-remove-scroll-bar "^2.3.3"
    react-style-singleton "^2.2.1"
    tslib "^2.1.0"
    use-callback-ref "^1.3.0"
    use-sidecar "^1.1.2"

react-style-singleton@^2.2.1:
  version "2.2.1"
  resolved "https://registry.yarnpkg.com/react-style-singleton/-/react-style-singleton-2.2.1.tgz#f99e420492b2d8f34d38308ff660b60d0b1205b4"
  integrity sha512-ZWj0fHEMyWkHzKYUr2Bs/4zU6XLmq9HsgBURm7g5pAVfyn49DgUiNgY2d4lXRlYSiCif9YBGpQleewkcqddc7g==
  dependencies:
    get-nonce "^1.0.0"
    invariant "^2.2.4"
    tslib "^2.0.0"

regenerator-runtime@^0.13.4:
  version "0.13.9"
  resolved "https://registry.yarnpkg.com/regenerator-runtime/-/regenerator-runtime-0.13.9.tgz#8925742a98ffd90814988d7566ad30ca3b263b52"
  integrity sha512-p3VT+cOEgxFsRRA9X4lkI1E+k2/CtnKtU4gcxyaCUreilL/vqI6CdZ3wxVUx3UOUg+gnUOQQcRI7BmSI656MYA==

tslib@^1.0.0:
  version "1.14.1"
  resolved "https://registry.yarnpkg.com/tslib/-/tslib-1.14.1.tgz#cf2d38bdc34a134bcaf1091c41f6619e2f672d00"
  integrity sha512-Xni35NKzjgMrwevysHTCArtLDpPvye8zV/0E4EyYn43P7/7qvQwPh9BGkHewbMulVntbigmcT7rdX3BNo9wRJg==

tslib@^2.0.0, tslib@^2.1.0:
  version "2.4.0"
  resolved "https://registry.yarnpkg.com/tslib/-/tslib-2.4.0.tgz#7cecaa7f073ce680a05847aa77be941098f36dc3"
  integrity sha512-d6xOpEDfsi2CZVlPQzGeux8XMwLT9hssAsaPYExaQMuYskwb+x1x7J371tWlbBdWHroy99KnVB6qIkUbs5X3UQ==

use-callback-ref@^1.3.0:
  version "1.3.0"
  resolved "https://registry.yarnpkg.com/use-callback-ref/-/use-callback-ref-1.3.0.tgz#772199899b9c9a50526fedc4993fc7fa1f7e32d5"
  integrity sha512-3FT9PRuRdbB9HfXhEq35u4oZkvpJ5kuYbpqhCfmiZyReuRgpnhDlbr2ZEnnuS0RrJAPn6l23xjFg9kpDM+Ms7w==
  dependencies:
    tslib "^2.0.0"

use-sidecar@^1.1.2:
  version "1.1.2"
  resolved "https://registry.yarnpkg.com/use-sidecar/-/use-sidecar-1.1.2.tgz#2f43126ba2d7d7e117aa5855e5d8f0276dfe73c2"
  integrity sha512-epTbsLuzZ7lPClpz2TyryBfztm7m+28DlEv2ZCQ3MDr5ssiwyOwGH/e5F9CkfWjJ1t4clvI58yF822/GUkjjhw==
  dependencies:
    detect-node-es "^1.1.0"
    tslib "^2.0.0"
